
Microsoft Visual Studio Solution File, Format Version 12.00
# Visual Studio Version 17
VisualStudioVersion = 17.5.002.0
MinimumVisualStudioVersion = 10.0.40219.1
Project("{9A19103F-16F7-4668-BE54-9A1E7A4F7556}") = "BookApi", "BookApi.csproj", "{2EEF3597-CACA-4BF9-AB7D-D8F84E26EFDC}"
EndProject
Global
	GlobalSection(SolutionConfigurationPlatforms) = preSolution
		Debug|Any CPU = Debug|Any CPU
		Release|Any CPU = Release|Any CPU
	EndGlobalSection
	GlobalSection(ProjectConfigurationPlatforms) = postSolution
		{2EEF3597-CACA-4BF9-AB7D-D8F84E26EFDC}.Debug|Any CPU.ActiveCfg = Debug|Any CPU
		{2EEF3597-CACA-4BF9-AB7D-D8F84E26EFDC}.Debug|Any CPU.Build.0 = Debug|Any CPU
		{2EEF3597-CACA-4BF9-AB7D-D8F84E26EFDC}.Release|Any CPU.ActiveCfg = Release|Any CPU
		{2EEF3597-CACA-4BF9-AB7D-D8F84E26EFDC}.Release|Any CPU.Build.0 = Release|Any CPU
	EndGlobalSection
	GlobalSection(SolutionProperties) = preSolution
		HideSolutionNode = FALSE
	EndGlobalSection
	GlobalSection(ExtensibilityGlobals) = postSolution
		SolutionGuid = {513D516B-FFEF-41B8-8547-C0413C2BEA39}
	EndGlobalSection
EndGlobal
